
Microsoft Visual Studio Solution File, Format Version 12.00
# Visual Studio 15
VisualStudioVersion = 15.0.28307.572
MinimumVisualStudioVersion = 10.0.40219.1
Project("{FAE04EC0-301F-11D3-BF4B-00C04F79EFBC}") = "01.Basics", "01.Basics\01.Basics.csproj", "{09F2A623-CDCE-4BA1-B517-252ED67F8003}"
EndProject
Global
	GlobalSection(SolutionConfigurationPlatforms) = preSolution
		Debug|Any CPU = Debug|Any CPU
		Release|Any CPU = Release|Any CPU
	EndGlobalSection
	GlobalSection(ProjectConfigurationPlatforms) = postSolution
		{09F2A623-CDCE-4BA1-B517-252ED67F8003}.Debug|Any CPU.ActiveCfg = Debug|Any CPU
		{09F2A623-CDCE-4BA1-B517-252ED67F8003}.Debug|Any CPU.Build.0 = Debug|Any CPU
		{09F2A623-CDCE-4BA1-B517-252ED67F8003}.Release|Any CPU.ActiveCfg = Release|Any CPU
		{09F2A623-CDCE-4BA1-B517-252ED67F8003}.Release|Any CPU.Build.0 = Release|Any CPU
	EndGlobalSection
	GlobalSection(SolutionProperties) = preSolution
		HideSolutionNode = FALSE
	EndGlobalSection
	GlobalSection(ExtensibilityGlobals) = postSolution
		SolutionGuid = {0305C03D-2175-4FBF-ADE0-D84EE423BF3E}
	EndGlobalSection
EndGlobal
